%{
  "memoize": {:hex, :memoize, "1.4.2", "cc289c7f1b86a37e7278180aa382bdc8935e8280cbf41659482d29d843bcd16d", [:mix], [], "hexpm", "daabbbf763b07bc2a2aedba6c87945cbc3d9100e46cfa651923a81e098adbcfa"},
  "nimble_parsec": {:hex, :nimble_parsec, "1.4.0", "51f9b613ea62cfa97b25ccc2c1b4216e81df970acd8e16e8d1bdc58fef21370d", [:mix], [], "hexpm", "9c565862810fb383e9838c1dd2d7d2c437b3d13b267414ba6af33e50d2d1cf28"},
}
